
Microsoft Visual Studio Solution File, Format Version 12.00
# Visual Studio Version 17
VisualStudioVersion = 17.7.34221.43
MinimumVisualStudioVersion = 10.0.40219.1
Project("{FAE04EC0-301F-11D3-BF4B-00C04F79EFBC}") = "Day10EmployeeParallelization", "Day10EmployeeParallelization.csproj", "{12B00C31-596A-43A5-92F7-701ABFC222ED}"
EndProject
Global
	GlobalSection(SolutionConfigurationPlatforms) = preSolution
		Debug|Any CPU = Debug|Any CPU
		Release|Any CPU = Release|Any CPU
	EndGlobalSection
	GlobalSection(ProjectConfigurationPlatforms) = postSolution
		{12B00C31-596A-43A5-92F7-701ABFC222ED}.Debug|Any CPU.ActiveCfg = Debug|Any CPU
		{12B00C31-596A-43A5-92F7-701ABFC222ED}.Debug|Any CPU.Build.0 = Debug|Any CPU
		{12B00C31-596A-43A5-92F7-701ABFC222ED}.Release|Any CPU.ActiveCfg = Release|Any CPU
		{12B00C31-596A-43A5-92F7-701ABFC222ED}.Release|Any CPU.Build.0 = Release|Any CPU
	EndGlobalSection
	GlobalSection(SolutionProperties) = preSolution
		HideSolutionNode = FALSE
	EndGlobalSection
	GlobalSection(ExtensibilityGlobals) = postSolution
		SolutionGuid = {4BA15C87-8A3F-4EEF-9865-134BAFF7CE1E}
	EndGlobalSection
EndGlobal
